
Microsoft Visual Studio Solution File, Format Version 12.00
# Visual Studio Version 17
VisualStudioVersion = 17.1.32407.343
MinimumVisualStudioVersion = 10.0.40219.1
Project("{8BC9CEB8-8B4A-11D0-8D11-00A0C91BC942}") = "1. Two Sum", "1. Two Sum\1. Two Sum.vcxproj", "{EE1914C0-BAE1-4ED3-8E3C-FD19CD3D5542}"
EndProject
Project("{8BC9CEB8-8B4A-11D0-8D11-00A0C91BC942}") = "2. Add Two Numbers", "2. Add Two Numbers\2. Add Two Numbers.vcxproj", "{55453480-F3AB-4835-9969-73A366B26E20}"
EndProject
Project("{8BC9CEB8-8B4A-11D0-8D11-00A0C91BC942}") = "3. Longest Substring Without Repeating Characters", "3. Longest Substring Without Repeating Characters\3. Longest Substring Without Repeating Characters.vcxproj", "{0B6CB742-D8FB-459F-97C0-F2782B8C6DBA}"
EndProject
Project("{8BC9CEB8-8B4A-11D0-8D11-00A0C91BC942}") = "4. Median of Two Sorted Arrays", "4. Median of Two Sorted Arrays\4. Median of Two Sorted Arrays.vcxproj", "{729C5EB8-89ED-4771-A609-4CAAD352BFD8}"
EndProject
Project("{8BC9CEB8-8B4A-11D0-8D11-00A0C91BC942}") = "5. Longest Palindromic Substring", "5. Longest Palindromic Substring\5. Longest Palindromic Substring.vcxproj", "{C8B4B22D-226C-462A-AB03-3F4FDA7A55BE}"
EndProject
Project("{8BC9CEB8-8B4A-11D0-8D11-00A0C91BC942}") = "6. Zigzag Conversion", "6. Zigzag Conversion\6. Zigzag Conversion.vcxproj", "{29BB1EB0-52DA-4286-A378-7942415CB536}"
EndProject
Project("{8BC9CEB8-8B4A-11D0-8D11-00A0C91BC942}") = "7. Reverse Integer", "7. Reverse Integer\7. Reverse Integer.vcxproj", "{B418EDA4-F1B3-4AC2-8A4D-4C969ACDB9E4}"
EndProject
Project("{8BC9CEB8-8B4A-11D0-8D11-00A0C91BC942}") = "8. String to Integer (atoi)", "8. String to Integer (atoi)\8. String to Integer (atoi).vcxproj", "{CF05C1D1-F5A5-464C-8D88-F263297FD48C}"
EndProject
Project("{8BC9CEB8-8B4A-11D0-8D11-00A0C91BC942}") = "9. Palindrome Number", "9. Palindrome Number\9. Palindrome Number.vcxproj", "{8AA050E1-0CAD-419D-8EDF-1BB6B84F91EC}"
EndProject
Project("{8BC9CEB8-8B4A-11D0-8D11-00A0C91BC942}") = "10. Regular Expression Matching", "10. Regular Expression Matching\10. Regular Expression Matching.vcxproj", "{701D8C81-87FE-443C-815D-A85FD1E0CAEB}"
EndProject
Project("{8BC9CEB8-8B4A-11D0-8D11-00A0C91BC942}") = "11. Container With Most Water", "11. Container With Most Water\11. Container With Most Water.vcxproj", "{A09482A5-3EAD-4BEB-B3E5-74EAF9957BF3}"
EndProject
Project("{8BC9CEB8-8B4A-11D0-8D11-00A0C91BC942}") = "12. Integer to Roman", "12. Integer to Roman\12. Integer to Roman.vcxproj", "{C7FEB662-97EF-4F7E-83FC-FFC4B56E01A2}"
EndProject
Project("{8BC9CEB8-8B4A-11D0-8D11-00A0C91BC942}") = "13. Roman to Integer", "13. Roman to Integer\13. Roman to Integer.vcxproj", "{9C7F3EE0-CD33-46FC-8060-347433BDAC51}"
EndProject
Project("{8BC9CEB8-8B4A-11D0-8D11-00A0C91BC942}") = "14. Longest Common Prefix", "14. Longest Common Prefix\14. Longest Common Prefix.vcxproj", "{747379B5-1EF8-4658-BCDF-C5A4EDEFBA68}"
EndProject
Project("{8BC9CEB8-8B4A-11D0-8D11-00A0C91BC942}") = "15. 3Sum", "15. 3Sum\15. 3Sum.vcxproj", "{902234DC-977E-473B-A4EF-17E102720F55}"
EndProject
Project("{8BC9CEB8-8B4A-11D0-8D11-00A0C91BC942}") = "16. 3Sum Closest", "16. 3Sum Closest\16. 3Sum Closest.vcxproj", "{121C536E-A88C-4F4E-8D65-B00B04E4781B}"
EndProject
Project("{8BC9CEB8-8B4A-11D0-8D11-00A0C91BC942}") = "17. Letter Combinations of a Phone Number", "17. Letter Combinations of a Phone Number\17. Letter Combinations of a Phone Number.vcxproj", "{B9399D69-5B3F-4998-BED3-A67DB26550FA}"
EndProject
Project("{8BC9CEB8-8B4A-11D0-8D11-00A0C91BC942}") = "18. 4Sum", "18. 4Sum\18. 4Sum.vcxproj", "{08346217-A973-4A54-85DA-A1C7FD102DA8}"
EndProject
Global
	GlobalSection(SolutionConfigurationPlatforms) = preSolution
		Debug|x64 = Debug|x64
		Debug|x86 = Debug|x86
		Release|x64 = Release|x64
		Release|x86 = Release|x86
	EndGlobalSection
	GlobalSection(ProjectConfigurationPlatforms) = postSolution
		{EE1914C0-BAE1-4ED3-8E3C-FD19CD3D5542}.Debug|x64.ActiveCfg = Debug|x64
		{EE1914C0-BAE1-4ED3-8E3C-FD19CD3D5542}.Debug|x64.Build.0 = Debug|x64
		{EE1914C0-BAE1-4ED3-8E3C-FD19CD3D5542}.Debug|x86.ActiveCfg = Debug|Win32
		{EE1914C0-BAE1-4ED3-8E3C-FD19CD3D5542}.Debug|x86.Build.0 = Debug|Win32
		{EE1914C0-BAE1-4ED3-8E3C-FD19CD3D5542}.Release|x64.ActiveCfg = Release|x64
		{EE1914C0-BAE1-4ED3-8E3C-FD19CD3D5542}.Release|x64.Build.0 = Release|x64
		{EE1914C0-BAE1-4ED3-8E3C-FD19CD3D5542}.Release|x86.ActiveCfg = Release|Win32
		{EE1914C0-BAE1-4ED3-8E3C-FD19CD3D5542}.Release|x86.Build.0 = Release|Win32
		{55453480-F3AB-4835-9969-73A366B26E20}.Debug|x64.ActiveCfg = Debug|x64
		{55453480-F3AB-4835-9969-73A366B26E20}.Debug|x64.Build.0 = Debug|x64
		{55453480-F3AB-4835-9969-73A366B26E20}.Debug|x86.ActiveCfg = Debug|Win32
		{55453480-F3AB-4835-9969-73A366B26E20}.Debug|x86.Build.0 = Debug|Win32
		{55453480-F3AB-4835-9969-73A366B26E20}.Release|x64.ActiveCfg = Release|x64
		{55453480-F3AB-4835-9969-73A366B26E20}.Release|x64.Build.0 = Release|x64
		{55453480-F3AB-4835-9969-73A366B26E20}.Release|x86.ActiveCfg = Release|Win32
		{55453480-F3AB-4835-9969-73A366B26E20}.Release|x86.Build.0 = Release|Win32
		{0B6CB742-D8FB-459F-97C0-F2782B8C6DBA}.Debug|x64.ActiveCfg = Debug|x64
		{0B6CB742-D8FB-459F-97C0-F2782B8C6DBA}.Debug|x64.Build.0 = Debug|x64
		{0B6CB742-D8FB-459F-97C0-F2782B8C6DBA}.Debug|x86.ActiveCfg = Debug|Win32
		{0B6CB742-D8FB-459F-97C0-F2782B8C6DBA}.Debug|x86.Build.0 = Debug|Win32
		{0B6CB742-D8FB-459F-97C0-F2782B8C6DBA}.Release|x64.ActiveCfg = Release|x64
		{0B6CB742-D8FB-459F-97C0-F2782B8C6DBA}.Release|x64.Build.0 = Release|x64
		{0B6CB742-D8FB-459F-97C0-F2782B8C6DBA}.Release|x86.ActiveCfg = Release|Win32
		{0B6CB742-D8FB-459F-97C0-F2782B8C6DBA}.Release|x86.Build.0 = Release|Win32
		{729C5EB8-89ED-4771-A609-4CAAD352BFD8}.Debug|x64.ActiveCfg = Debug|x64
		{729C5EB8-89ED-4771-A609-4CAAD352BFD8}.Debug|x64.Build.0 = Debug|x64
		{729C5EB8-89ED-4771-A609-4CAAD352BFD8}.Debug|x86.ActiveCfg = Debug|Win32
		{729C5EB8-89ED-4771-A609-4CAAD352BFD8}.Debug|x86.Build.0 = Debug|Win32
		{729C5EB8-89ED-4771-A609-4CAAD352BFD8}.Release|x64.ActiveCfg = Release|x64
		{729C5EB8-89ED-4771-A609-4CAAD352BFD8}.Release|x64.Build.0 = Release|x64
		{729C5EB8-89ED-4771-A609-4CAAD352BFD8}.Release|x86.ActiveCfg = Release|Win32
		{729C5EB8-89ED-4771-A609-4CAAD352BFD8}.Release|x86.Build.0 = Release|Win32
		{C8B4B22D-226C-462A-AB03-3F4FDA7A55BE}.Debug|x64.ActiveCfg = Debug|x64
		{C8B4B22D-226C-462A-AB03-3F4FDA7A55BE}.Debug|x64.Build.0 = Debug|x64
		{C8B4B22D-226C-462A-AB03-3F4FDA7A55BE}.Debug|x86.ActiveCfg = Debug|Win32
		{C8B4B22D-226C-462A-AB03-3F4FDA7A55BE}.Debug|x86.Build.0 = Debug|Win32
		{C8B4B22D-226C-462A-AB03-3F4FDA7A55BE}.Release|x64.ActiveCfg = Release|x64
		{C8B4B22D-226C-462A-AB03-3F4FDA7A55BE}.Release|x64.Build.0 = Release|x64
		{C8B4B22D-226C-462A-AB03-3F4FDA7A55BE}.Release|x86.ActiveCfg = Release|Win32
		{C8B4B22D-226C-462A-AB03-3F4FDA7A55BE}.Release|x86.Build.0 = Release|Win32
		{29BB1EB0-52DA-4286-A378-7942415CB536}.Debug|x64.ActiveCfg = Debug|x64
		{29BB1EB0-52DA-4286-A378-7942415CB536}.Debug|x64.Build.0 = Debug|x64
		{29BB1EB0-52DA-4286-A378-7942415CB536}.Debug|x86.ActiveCfg = Debug|Win32
		{29BB1EB0-52DA-4286-A378-7942415CB536}.Debug|x86.Build.0 = Debug|Win32
		{29BB1EB0-52DA-4286-A378-7942415CB536}.Release|x64.ActiveCfg = Release|x64
		{29BB1EB0-52DA-4286-A378-7942415CB536}.Release|x64.Build.0 = Release|x64
		{29BB1EB0-52DA-4286-A378-7942415CB536}.Release|x86.ActiveCfg = Release|Win32
		{29BB1EB0-52DA-4286-A378-7942415CB536}.Release|x86.Build.0 = Release|Win32
		{B418EDA4-F1B3-4AC2-8A4D-4C969ACDB9E4}.Debug|x64.ActiveCfg = Debug|x64
		{B418EDA4-F1B3-4AC2-8A4D-4C969ACDB9E4}.Debug|x64.Build.0 = Debug|x64
		{B418EDA4-F1B3-4AC2-8A4D-4C969ACDB9E4}.Debug|x86.ActiveCfg = Debug|Win32
		{B418EDA4-F1B3-4AC2-8A4D-4C969ACDB9E4}.Debug|x86.Build.0 = Debug|Win32
		{B418EDA4-F1B3-4AC2-8A4D-4C969ACDB9E4}.Release|x64.ActiveCfg = Release|x64
		{B418EDA4-F1B3-4AC2-8A4D-4C969ACDB9E4}.Release|x64.Build.0 = Release|x64
		{B418EDA4-F1B3-4AC2-8A4D-4C969ACDB9E4}.Release|x86.ActiveCfg = Release|Win32
		{B418EDA4-F1B3-4AC2-8A4D-4C969ACDB9E4}.Release|x86.Build.0 = Release|Win32
		{CF05C1D1-F5A5-464C-8D88-F263297FD48C}.Debug|x64.ActiveCfg = Debug|x64
		{CF05C1D1-F5A5-464C-8D88-F263297FD48C}.Debug|x64.Build.0 = Debug|x64
		{CF05C1D1-F5A5-464C-8D88-F263297FD48C}.Debug|x86.ActiveCfg = Debug|Win32
		{CF05C1D1-F5A5-464C-8D88-F263297FD48C}.Debug|x86.Build.0 = Debug|Win32
		{CF05C1D1-F5A5-464C-8D88-F263297FD48C}.Release|x64.ActiveCfg = Release|x64
		{CF05C1D1-F5A5-464C-8D88-F263297FD48C}.Release|x64.Build.0 = Release|x64
		{CF05C1D1-F5A5-464C-8D88-F263297FD48C}.Release|x86.ActiveCfg = Release|Win32
		{CF05C1D1-F5A5-464C-8D88-F263297FD48C}.Release|x86.Build.0 = Release|Win32
		{8AA050E1-0CAD-419D-8EDF-1BB6B84F91EC}.Debug|x64.ActiveCfg = Debug|x64
		{8AA050E1-0CAD-419D-8EDF-1BB6B84F91EC}.Debug|x64.Build.0 = Debug|x64
		{8AA050E1-0CAD-419D-8EDF-1BB6B84F91EC}.Debug|x86.ActiveCfg = Debug|Win32
		{8AA050E1-0CAD-419D-8EDF-1BB6B84F91EC}.Debug|x86.Build.0 = Debug|Win32
		{8AA050E1-0CAD-419D-8EDF-1BB6B84F91EC}.Release|x64.ActiveCfg = Release|x64
		{8AA050E1-0CAD-419D-8EDF-1BB6B84F91EC}.Release|x64.Build.0 = Release|x64
		{8AA050E1-0CAD-419D-8EDF-1BB6B84F91EC}.Release|x86.ActiveCfg = Release|Win32
		{8AA050E1-0CAD-419D-8EDF-1BB6B84F91EC}.Release|x86.Build.0 = Release|Win32
		{701D8C81-87FE-443C-815D-A85FD1E0CAEB}.Debug|x64.ActiveCfg = Debug|x64
		{701D8C81-87FE-443C-815D-A85FD1E0CAEB}.Debug|x64.Build.0 = Debug|x64
		{701D8C81-87FE-443C-815D-A85FD1E0CAEB}.Debug|x86.ActiveCfg = Debug|Win32
		{701D8C81-87FE-443C-815D-A85FD1E0CAEB}.Debug|x86.Build.0 = Debug|Win32
		{701D8C81-87FE-443C-815D-A85FD1E0CAEB}.Release|x64.ActiveCfg = Release|x64
		{701D8C81-87FE-443C-815D-A85FD1E0CAEB}.Release|x64.Build.0 = Release|x64
		{701D8C81-87FE-443C-815D-A85FD1E0CAEB}.Release|x86.ActiveCfg = Release|Win32
		{701D8C81-87FE-443C-815D-A85FD1E0CAEB}.Release|x86.Build.0 = Release|Win32
		{A09482A5-3EAD-4BEB-B3E5-74EAF9957BF3}.Debug|x64.ActiveCfg = Debug|x64
		{A09482A5-3EAD-4BEB-B3E5-74EAF9957BF3}.Debug|x64.Build.0 = Debug|x64
		{A09482A5-3EAD-4BEB-B3E5-74EAF9957BF3}.Debug|x86.ActiveCfg = Debug|Win32
		{A09482A5-3EAD-4BEB-B3E5-74EAF9957BF3}.Debug|x86.Build.0 = Debug|Win32
		{A09482A5-3EAD-4BEB-B3E5-74EAF9957BF3}.Release|x64.ActiveCfg = Release|x64
		{A09482A5-3EAD-4BEB-B3E5-74EAF9957BF3}.Release|x64.Build.0 = Release|x64
		{A09482A5-3EAD-4BEB-B3E5-74EAF9957BF3}.Release|x86.ActiveCfg = Release|Win32
		{A09482A5-3EAD-4BEB-B3E5-74EAF9957BF3}.Release|x86.Build.0 = Release|Win32
		{C7FEB662-97EF-4F7E-83FC-FFC4B56E01A2}.Debug|x64.ActiveCfg = Debug|x64
		{C7FEB662-97EF-4F7E-83FC-FFC4B56E01A2}.Debug|x64.Build.0 = Debug|x64
		{C7FEB662-97EF-4F7E-83FC-FFC4B56E01A2}.Debug|x86.ActiveCfg = Debug|Win32
		{C7FEB662-97EF-4F7E-83FC-FFC4B56E01A2}.Debug|x86.Build.0 = Debug|Win32
		{C7FEB662-97EF-4F7E-83FC-FFC4B56E01A2}.Release|x64.ActiveCfg = Release|x64
		{C7FEB662-97EF-4F7E-83FC-FFC4B56E01A2}.Release|x64.Build.0 = Release|x64
		{C7FEB662-97EF-4F7E-83FC-FFC4B56E01A2}.Release|x86.ActiveCfg = Release|Win32
		{C7FEB662-97EF-4F7E-83FC-FFC4B56E01A2}.Release|x86.Build.0 = Release|Win32
		{9C7F3EE0-CD33-46FC-8060-347433BDAC51}.Debug|x64.ActiveCfg = Debug|x64
		{9C7F3EE0-CD33-46FC-8060-347433BDAC51}.Debug|x64.Build.0 = Debug|x64
		{9C7F3EE0-CD33-46FC-8060-347433BDAC51}.Debug|x86.ActiveCfg = Debug|Win32
		{9C7F3EE0-CD33-46FC-8060-347433BDAC51}.Debug|x86.Build.0 = Debug|Win32
		{9C7F3EE0-CD33-46FC-8060-347433BDAC51}.Release|x64.ActiveCfg = Release|x64
		{9C7F3EE0-CD33-46FC-8060-347433BDAC51}.Release|x64.Build.0 = Release|x64
		{9C7F3EE0-CD33-46FC-8060-347433BDAC51}.Release|x86.ActiveCfg = Release|Win32
		{9C7F3EE0-CD33-46FC-8060-347433BDAC51}.Release|x86.Build.0 = Release|Win32
		{747379B5-1EF8-4658-BCDF-C5A4EDEFBA68}.Debug|x64.ActiveCfg = Debug|x64
		{747379B5-1EF8-4658-BCDF-C5A4EDEFBA68}.Debug|x64.Build.0 = Debug|x64
		{747379B5-1EF8-4658-BCDF-C5A4EDEFBA68}.Debug|x86.ActiveCfg = Debug|Win32
		{747379B5-1EF8-4658-BCDF-C5A4EDEFBA68}.Debug|x86.Build.0 = Debug|Win32
		{747379B5-1EF8-4658-BCDF-C5A4EDEFBA68}.Release|x64.ActiveCfg = Release|x64
		{747379B5-1EF8-4658-BCDF-C5A4EDEFBA68}.Release|x64.Build.0 = Release|x64
		{747379B5-1EF8-4658-BCDF-C5A4EDEFBA68}.Release|x86.ActiveCfg = Release|Win32
		{747379B5-1EF8-4658-BCDF-C5A4EDEFBA68}.Release|x86.Build.0 = Release|Win32
		{902234DC-977E-473B-A4EF-17E102720F55}.Debug|x64.ActiveCfg = Debug|x64
		{902234DC-977E-473B-A4EF-17E102720F55}.Debug|x64.Build.0 = Debug|x64
		{902234DC-977E-473B-A4EF-17E102720F55}.Debug|x86.ActiveCfg = Debug|Win32
		{902234DC-977E-473B-A4EF-17E102720F55}.Debug|x86.Build.0 = Debug|Win32
		{902234DC-977E-473B-A4EF-17E102720F55}.Release|x64.ActiveCfg = Release|x64
		{902234DC-977E-473B-A4EF-17E102720F55}.Release|x64.Build.0 = Release|x64
		{902234DC-977E-473B-A4EF-17E102720F55}.Release|x86.ActiveCfg = Release|Win32
		{902234DC-977E-473B-A4EF-17E102720F55}.Release|x86.Build.0 = Release|Win32
		{121C536E-A88C-4F4E-8D65-B00B04E4781B}.Debug|x64.ActiveCfg = Debug|x64
		{121C536E-A88C-4F4E-8D65-B00B04E4781B}.Debug|x64.Build.0 = Debug|x64
		{121C536E-A88C-4F4E-8D65-B00B04E4781B}.Debug|x86.ActiveCfg = Debug|Win32
		{121C536E-A88C-4F4E-8D65-B00B04E4781B}.Debug|x86.Build.0 = Debug|Win32
		{121C536E-A88C-4F4E-8D65-B00B04E4781B}.Release|x64.ActiveCfg = Release|x64
		{121C536E-A88C-4F4E-8D65-B00B04E4781B}.Release|x64.Build.0 = Release|x64
		{121C536E-A88C-4F4E-8D65-B00B04E4781B}.Release|x86.ActiveCfg = Release|Win32
		{121C536E-A88C-4F4E-8D65-B00B04E4781B}.Release|x86.Build.0 = Release|Win32
		{B9399D69-5B3F-4998-BED3-A67DB26550FA}.Debug|x64.ActiveCfg = Debug|x64
		{B9399D69-5B3F-4998-BED3-A67DB26550FA}.Debug|x64.Build.0 = Debug|x64
		{B9399D69-5B3F-4998-BED3-A67DB26550FA}.Debug|x86.ActiveCfg = Debug|Win32
		{B9399D69-5B3F-4998-BED3-A67DB26550FA}.Debug|x86.Build.0 = Debug|Win32
		{B9399D69-5B3F-4998-BED3-A67DB26550FA}.Release|x64.ActiveCfg = Release|x64
		{B9399D69-5B3F-4998-BED3-A67DB26550FA}.Release|x64.Build.0 = Release|x64
		{B9399D69-5B3F-4998-BED3-A67DB26550FA}.Release|x86.ActiveCfg = Release|Win32
		{B9399D69-5B3F-4998-BED3-A67DB26550FA}.Release|x86.Build.0 = Release|Win32
		{08346217-A973-4A54-85DA-A1C7FD102DA8}.Debug|x64.ActiveCfg = Debug|x64
		{08346217-A973-4A54-85DA-A1C7FD102DA8}.Debug|x64.Build.0 = Debug|x64
		{08346217-A973-4A54-85DA-A1C7FD102DA8}.Debug|x86.ActiveCfg = Debug|Win32
		{08346217-A973-4A54-85DA-A1C7FD102DA8}.Debug|x86.Build.0 = Debug|Win32
		{08346217-A973-4A54-85DA-A1C7FD102DA8}.Release|x64.ActiveCfg = Release|x64
		{08346217-A973-4A54-85DA-A1C7FD102DA8}.Release|x64.Build.0 = Release|x64
		{08346217-A973-4A54-85DA-A1C7FD102DA8}.Release|x86.ActiveCfg = Release|Win32
		{08346217-A973-4A54-85DA-A1C7FD102DA8}.Release|x86.Build.0 = Release|Win32
	EndGlobalSection
	GlobalSection(SolutionProperties) = preSolution
		HideSolutionNode = FALSE
	EndGlobalSection
	GlobalSection(ExtensibilityGlobals) = postSolution
		SolutionGuid = {0AC89168-3D9B-4EBE-B856-F56733A6B2DC}
	EndGlobalSection
EndGlobal
